
Microsoft Visual Studio Solution File, Format Version 12.00
# Visual Studio Version 17
VisualStudioVersion = 17.5.2.0
MinimumVisualStudioVersion = 10.0.40219.1
Project("{2150E333-8FDC-42A3-9474-1A3956D46DE8}") = "src", "src", "{827E0CD3-B72D-47B6-A68D-7590B98EB39B}"
EndProject
Project("{2150E333-8FDC-42A3-9474-1A3956D46DE8}") = "AlphaAgent.Web", "AlphaAgent.Web", "{5A139E60-1D75-79C6-3CB4-1C431CA78323}"
EndProject
Project("{FAE04EC0-301F-11D3-BF4B-00C04F79EFBC}") = "AlphaAgent.Abp.EntityFrameworkCore", "src\AlphaAgent.Web\AlphaAgent.Abp.EntityFrameworkCore\AlphaAgent.Abp.EntityFrameworkCore.csproj", "{A46054AE-808D-35A6-D246-AA4B90D3C48B}"
EndProject
Project("{FAE04EC0-301F-11D3-BF4B-00C04F79EFBC}") = "AlphaAgent.Abp.Application.Contracts", "src\AlphaAgent.Web\AlphaAgent.Abp.Application.Contracts\AlphaAgent.Abp.Application.Contracts.csproj", "{15393DA4-3B11-5009-2EEA-000F7DA08A0F}"
EndProject
Project("{FAE04EC0-301F-11D3-BF4B-00C04F79EFBC}") = "AlphaAgent.Abp.Application", "src\AlphaAgent.Web\AlphaAgent.Abp.Application\AlphaAgent.Abp.Application.csproj", "{E4D3672C-6EBE-9A4C-C1B7-CD8AF25F2DCC}"
EndProject
Project("{FAE04EC0-301F-11D3-BF4B-00C04F79EFBC}") = "AlphaAgent.Abp.Domain", "src\AlphaAgent.Web\AlphaAgent.Abp.Domain\AlphaAgent.Abp.Domain.csproj", "{8355958B-0DD3-BB0A-1D2E-0DC55A48793D}"
EndProject
Project("{FAE04EC0-301F-11D3-BF4B-00C04F79EFBC}") = "AlphaAgent.Abp.Domain.Shared", "src\AlphaAgent.Web\AlphaAgent.Abp.Domain.Shared\AlphaAgent.Abp.Domain.Shared.csproj", "{08468400-116A-43DE-26DB-A4FC6CF08A8D}"
EndProject
Project("{FAE04EC0-301F-11D3-BF4B-00C04F79EFBC}") = "AlphaAgent.Abp.DbMigrator", "src\AlphaAgent.Web\AlphaAgent.Abp.DbMigrator\AlphaAgent.Abp.DbMigrator.csproj", "{0DA73FF3-5AA6-8FA9-10C0-2721DCC63316}"
EndProject
Project("{FAE04EC0-301F-11D3-BF4B-00C04F79EFBC}") = "AlphaAgent.Abp.HttpApi.Client", "src\AlphaAgent.Web\AlphaAgent.Abp.HttpApi.Client\AlphaAgent.Abp.HttpApi.Client.csproj", "{4E76A977-9918-C3D0-FA8E-B5DB0A881AE7}"
EndProject
Project("{FAE04EC0-301F-11D3-BF4B-00C04F79EFBC}") = "AlphaAgent.Abp.HttpApi", "src\AlphaAgent.Web\AlphaAgent.Abp.HttpApi\AlphaAgent.Abp.HttpApi.csproj", "{EE10AE06-E8AF-0336-1966-F0BE058425E7}"
EndProject
Project("{FAE04EC0-301F-11D3-BF4B-00C04F79EFBC}") = "AlphaAgent.Abp.HttpApi.Host", "src\AlphaAgent.Web\AlphaAgent.Abp.HttpApi.Host\AlphaAgent.Abp.HttpApi.Host.csproj", "{C0C0C0C0-C0C0-C0C0-C0C0-C0C0C0C0C0C0}"
EndProject
Project("{FAE04EC0-301F-11D3-BF4B-00C04F79EFBC}") = "AlphaAgent.Maui", "src\AlphaAgent.Maui\AlphaAgent.Maui.csproj", "{7D674675-9EBB-49EF-90F7-11EE737E6B10}"
EndProject
Project("{FAE04EC0-301F-11D3-BF4B-00C04F79EFBC}") = "AlphaAgent.ConsoleDevice", "src\AlphaAgent.ConsoleDevice\AlphaAgent.ConsoleDevice.csproj", "{BC5EBB39-E529-4996-822A-3F3977F876DE}"
EndProject
Project("{FAE04EC0-301F-11D3-BF4B-00C04F79EFBC}") = "AlphaAgent.Domain.Abstractions", "src\AlphaAgent.Core\AlphaAgent.Domain.Abstractions\AlphaAgent.Domain.Abstractions.csproj", "{F5A5D1B8-7C3E-4A2B-8E9F-1A3D5C7E9B2F}"
EndProject
Project("{FAE04EC0-301F-11D3-BF4B-00C04F79EFBC}") = "AlphaAgent.Domain", "src\AlphaAgent.Core\AlphaAgent.Domain\AlphaAgent.Domain.csproj", "{FD655C54-1EB5-16E0-20E9-80B669202827}"
EndProject
Project("{FAE04EC0-301F-11D3-BF4B-00C04F79EFBC}") = "AlphaAgent.Infrastructure", "src\AlphaAgent.Core\AlphaAgent.Infrastructure\AlphaAgent.Infrastructure.csproj", "{58E13F70-A069-F8F9-B45A-20D280E647F5}"
EndProject
Project("{FAE04EC0-301F-11D3-BF4B-00C04F79EFBC}") = "AlphaAgent.Application", "src\AlphaAgent.Core\AlphaAgent.Application\AlphaAgent.Application.csproj", "{7CC1D200-5497-CF2D-9C96-4A71B4CDE22D}"
EndProject
Project("{2150E333-8FDC-42A3-9474-1A3956D46DE8}") = "AlphaAgent.Core", "AlphaAgent.Core", "{A7BB7FE2-9F3D-7392-C3EF-1BD1699DC250}"
EndProject
Project("{FAE04EC0-301F-11D3-BF4B-00C04F79EFBC}") = "AlphaAgent.ClaudeBridge", "src\AlphaAgent.ClaudeBridge\AlphaAgent.ClaudeBridge.csproj", "{97D37C3E-D8BA-476A-83FC-3A6C17A4C144}"
EndProject
Global
	GlobalSection(SolutionConfigurationPlatforms) = preSolution
		Debug|Any CPU = Debug|Any CPU
		Debug|x64 = Debug|x64
		Debug|x86 = Debug|x86
		Release|Any CPU = Release|Any CPU
		Release|x64 = Release|x64
		Release|x86 = Release|x86
	EndGlobalSection
	GlobalSection(ProjectConfigurationPlatforms) = postSolution
		{A46054AE-808D-35A6-D246-AA4B90D3C48B}.Debug|Any CPU.ActiveCfg = Debug|Any CPU
		{A46054AE-808D-35A6-D246-AA4B90D3C48B}.Debug|Any CPU.Build.0 = Debug|Any CPU
		{A46054AE-808D-35A6-D246-AA4B90D3C48B}.Debug|x64.ActiveCfg = Debug|Any CPU
		{A46054AE-808D-35A6-D246-AA4B90D3C48B}.Debug|x64.Build.0 = Debug|Any CPU
		{A46054AE-808D-35A6-D246-AA4B90D3C48B}.Debug|x86.ActiveCfg = Debug|Any CPU
		{A46054AE-808D-35A6-D246-AA4B90D3C48B}.Debug|x86.Build.0 = Debug|Any CPU
		{A46054AE-808D-35A6-D246-AA4B90D3C48B}.Release|Any CPU.ActiveCfg = Release|Any CPU
		{A46054AE-808D-35A6-D246-AA4B90D3C48B}.Release|Any CPU.Build.0 = Release|Any CPU
		{A46054AE-808D-35A6-D246-AA4B90D3C48B}.Release|x64.ActiveCfg = Release|Any CPU
		{A46054AE-808D-35A6-D246-AA4B90D3C48B}.Release|x64.Build.0 = Release|Any CPU
		{A46054AE-808D-35A6-D246-AA4B90D3C48B}.Release|x86.ActiveCfg = Release|Any CPU
		{A46054AE-808D-35A6-D246-AA4B90D3C48B}.Release|x86.Build.0 = Release|Any CPU
		{15393DA4-3B11-5009-2EEA-000F7DA08A0F}.Debug|Any CPU.ActiveCfg = Debug|Any CPU
		{15393DA4-3B11-5009-2EEA-000F7DA08A0F}.Debug|Any CPU.Build.0 = Debug|Any CPU
		{15393DA4-3B11-5009-2EEA-000F7DA08A0F}.Debug|x64.ActiveCfg = Debug|Any CPU
		{15393DA4-3B11-5009-2EEA-000F7DA08A0F}.Debug|x64.Build.0 = Debug|Any CPU
		{15393DA4-3B11-5009-2EEA-000F7DA08A0F}.Debug|x86.ActiveCfg = Debug|Any CPU
		{15393DA4-3B11-5009-2EEA-000F7DA08A0F}.Debug|x86.Build.0 = Debug|Any CPU
		{15393DA4-3B11-5009-2EEA-000F7DA08A0F}.Release|Any CPU.ActiveCfg = Release|Any CPU
		{15393DA4-3B11-5009-2EEA-000F7DA08A0F}.Release|Any CPU.Build.0 = Release|Any CPU
		{15393DA4-3B11-5009-2EEA-000F7DA08A0F}.Release|x64.ActiveCfg = Release|Any CPU
		{15393DA4-3B11-5009-2EEA-000F7DA08A0F}.Release|x64.Build.0 = Release|Any CPU
		{15393DA4-3B11-5009-2EEA-000F7DA08A0F}.Release|x86.ActiveCfg = Release|Any CPU
		{15393DA4-3B11-5009-2EEA-000F7DA08A0F}.Release|x86.Build.0 = Release|Any CPU
		{E4D3672C-6EBE-9A4C-C1B7-CD8AF25F2DCC}.Debug|Any CPU.ActiveCfg = Debug|Any CPU
		{E4D3672C-6EBE-9A4C-C1B7-CD8AF25F2DCC}.Debug|Any CPU.Build.0 = Debug|Any CPU
		{E4D3672C-6EBE-9A4C-C1B7-CD8AF25F2DCC}.Debug|x64.ActiveCfg = Debug|Any CPU
		{E4D3672C-6EBE-9A4C-C1B7-CD8AF25F2DCC}.Debug|x64.Build.0 = Debug|Any CPU
		{E4D3672C-6EBE-9A4C-C1B7-CD8AF25F2DCC}.Debug|x86.ActiveCfg = Debug|Any CPU
		{E4D3672C-6EBE-9A4C-C1B7-CD8AF25F2DCC}.Debug|x86.Build.0 = Debug|Any CPU
		{E4D3672C-6EBE-9A4C-C1B7-CD8AF25F2DCC}.Release|Any CPU.ActiveCfg = Release|Any CPU
		{E4D3672C-6EBE-9A4C-C1B7-CD8AF25F2DCC}.Release|Any CPU.Build.0 = Release|Any CPU
		{E4D3672C-6EBE-9A4C-C1B7-CD8AF25F2DCC}.Release|x64.ActiveCfg = Release|Any CPU
		{E4D3672C-6EBE-9A4C-C1B7-CD8AF25F2DCC}.Release|x64.Build.0 = Release|Any CPU
		{E4D3672C-6EBE-9A4C-C1B7-CD8AF25F2DCC}.Release|x86.ActiveCfg = Release|Any CPU
		{E4D3672C-6EBE-9A4C-C1B7-CD8AF25F2DCC}.Release|x86.Build.0 = Release|Any CPU
		{8355958B-0DD3-BB0A-1D2E-0DC55A48793D}.Debug|Any CPU.ActiveCfg = Debug|Any CPU
		{8355958B-0DD3-BB0A-1D2E-0DC55A48793D}.Debug|Any CPU.Build.0 = Debug|Any CPU
		{8355958B-0DD3-BB0A-1D2E-0DC55A48793D}.Debug|x64.ActiveCfg = Debug|Any CPU
		{8355958B-0DD3-BB0A-1D2E-0DC55A48793D}.Debug|x64.Build.0 = Debug|Any CPU
		{8355958B-0DD3-BB0A-1D2E-0DC55A48793D}.Debug|x86.ActiveCfg = Debug|Any CPU
		{8355958B-0DD3-BB0A-1D2E-0DC55A48793D}.Debug|x86.Build.0 = Debug|Any CPU
		{8355958B-0DD3-BB0A-1D2E-0DC55A48793D}.Release|Any CPU.ActiveCfg = Release|Any CPU
		{8355958B-0DD3-BB0A-1D2E-0DC55A48793D}.Release|Any CPU.Build.0 = Release|Any CPU
		{8355958B-0DD3-BB0A-1D2E-0DC55A48793D}.Release|x64.ActiveCfg = Release|Any CPU
		{8355958B-0DD3-BB0A-1D2E-0DC55A48793D}.Release|x64.Build.0 = Release|Any CPU
		{8355958B-0DD3-BB0A-1D2E-0DC55A48793D}.Release|x86.ActiveCfg = Release|Any CPU
		{8355958B-0DD3-BB0A-1D2E-0DC55A48793D}.Release|x86.Build.0 = Release|Any CPU
		{08468400-116A-43DE-26DB-A4FC6CF08A8D}.Debug|Any CPU.ActiveCfg = Debug|Any CPU
		{08468400-116A-43DE-26DB-A4FC6CF08A8D}.Debug|Any CPU.Build.0 = Debug|Any CPU
		{08468400-116A-43DE-26DB-A4FC6CF08A8D}.Debug|x64.ActiveCfg = Debug|Any CPU
		{08468400-116A-43DE-26DB-A4FC6CF08A8D}.Debug|x64.Build.0 = Debug|Any CPU
		{08468400-116A-43DE-26DB-A4FC6CF08A8D}.Debug|x86.ActiveCfg = Debug|Any CPU
		{08468400-116A-43DE-26DB-A4FC6CF08A8D}.Debug|x86.Build.0 = Debug|Any CPU
		{08468400-116A-43DE-26DB-A4FC6CF08A8D}.Release|Any CPU.ActiveCfg = Release|Any CPU
		{08468400-116A-43DE-26DB-A4FC6CF08A8D}.Release|Any CPU.Build.0 = Release|Any CPU
		{08468400-116A-43DE-26DB-A4FC6CF08A8D}.Release|x64.ActiveCfg = Release|Any CPU
		{08468400-116A-43DE-26DB-A4FC6CF08A8D}.Release|x64.Build.0 = Release|Any CPU
		{08468400-116A-43DE-26DB-A4FC6CF08A8D}.Release|x86.ActiveCfg = Release|Any CPU
		{08468400-116A-43DE-26DB-A4FC6CF08A8D}.Release|x86.Build.0 = Release|Any CPU
		{0DA73FF3-5AA6-8FA9-10C0-2721DCC63316}.Debug|Any CPU.ActiveCfg = Debug|Any CPU
		{0DA73FF3-5AA6-8FA9-10C0-2721DCC63316}.Debug|Any CPU.Build.0 = Debug|Any CPU
		{0DA73FF3-5AA6-8FA9-10C0-2721DCC63316}.Debug|x64.ActiveCfg = Debug|Any CPU
		{0DA73FF3-5AA6-8FA9-10C0-2721DCC63316}.Debug|x64.Build.0 = Debug|Any CPU
		{0DA73FF3-5AA6-8FA9-10C0-2721DCC63316}.Debug|x86.ActiveCfg = Debug|Any CPU
		{0DA73FF3-5AA6-8FA9-10C0-2721DCC63316}.Debug|x86.Build.0 = Debug|Any CPU
		{0DA73FF3-5AA6-8FA9-10C0-2721DCC63316}.Release|Any CPU.ActiveCfg = Release|Any CPU
		{0DA73FF3-5AA6-8FA9-10C0-2721DCC63316}.Release|Any CPU.Build.0 = Release|Any CPU
		{0DA73FF3-5AA6-8FA9-10C0-2721DCC63316}.Release|x64.ActiveCfg = Release|Any CPU
		{0DA73FF3-5AA6-8FA9-10C0-2721DCC63316}.Release|x64.Build.0 = Release|Any CPU
		{0DA73FF3-5AA6-8FA9-10C0-2721DCC63316}.Release|x86.ActiveCfg = Release|Any CPU
		{0DA73FF3-5AA6-8FA9-10C0-2721DCC63316}.Release|x86.Build.0 = Release|Any CPU
		{4E76A977-9918-C3D0-FA8E-B5DB0A881AE7}.Debug|Any CPU.ActiveCfg = Debug|Any CPU
		{4E76A977-9918-C3D0-FA8E-B5DB0A881AE7}.Debug|Any CPU.Build.0 = Debug|Any CPU
		{4E76A977-9918-C3D0-FA8E-B5DB0A881AE7}.Debug|x64.ActiveCfg = Debug|Any CPU
		{4E76A977-9918-C3D0-FA8E-B5DB0A881AE7}.Debug|x64.Build.0 = Debug|Any CPU
		{4E76A977-9918-C3D0-FA8E-B5DB0A881AE7}.Debug|x86.ActiveCfg = Debug|Any CPU
		{4E76A977-9918-C3D0-FA8E-B5DB0A881AE7}.Debug|x86.Build.0 = Debug|Any CPU
		{4E76A977-9918-C3D0-FA8E-B5DB0A881AE7}.Release|Any CPU.ActiveCfg = Release|Any CPU
		{4E76A977-9918-C3D0-FA8E-B5DB0A881AE7}.Release|Any CPU.Build.0 = Release|Any CPU
		{4E76A977-9918-C3D0-FA8E-B5DB0A881AE7}.Release|x64.ActiveCfg = Release|Any CPU
		{4E76A977-9918-C3D0-FA8E-B5DB0A881AE7}.Release|x64.Build.0 = Release|Any CPU
		{4E76A977-9918-C3D0-FA8E-B5DB0A881AE7}.Release|x86.ActiveCfg = Release|Any CPU
		{4E76A977-9918-C3D0-FA8E-B5DB0A881AE7}.Release|x86.Build.0 = Release|Any CPU
		{EE10AE06-E8AF-0336-1966-F0BE058425E7}.Debug|Any CPU.ActiveCfg = Debug|Any CPU
		{EE10AE06-E8AF-0336-1966-F0BE058425E7}.Debug|Any CPU.Build.0 = Debug|Any CPU
		{EE10AE06-E8AF-0336-1966-F0BE058425E7}.Debug|x64.ActiveCfg = Debug|Any CPU
		{EE10AE06-E8AF-0336-1966-F0BE058425E7}.Debug|x64.Build.0 = Debug|Any CPU
		{EE10AE06-E8AF-0336-1966-F0BE058425E7}.Debug|x86.ActiveCfg = Debug|Any CPU
		{EE10AE06-E8AF-0336-1966-F0BE058425E7}.Debug|x86.Build.0 = Debug|Any CPU
		{EE10AE06-E8AF-0336-1966-F0BE058425E7}.Release|Any CPU.ActiveCfg = Release|Any CPU
		{EE10AE06-E8AF-0336-1966-F0BE058425E7}.Release|Any CPU.Build.0 = Release|Any CPU
		{EE10AE06-E8AF-0336-1966-F0BE058425E7}.Release|x64.ActiveCfg = Release|Any CPU
		{EE10AE06-E8AF-0336-1966-F0BE058425E7}.Release|x64.Build.0 = Release|Any CPU
		{EE10AE06-E8AF-0336-1966-F0BE058425E7}.Release|x86.ActiveCfg = Release|Any CPU
		{EE10AE06-E8AF-0336-1966-F0BE058425E7}.Release|x86.Build.0 = Release|Any CPU
		{C0C0C0C0-C0C0-C0C0-C0C0-C0C0C0C0C0C0}.Debug|Any CPU.ActiveCfg = Debug|Any CPU
		{C0C0C0C0-C0C0-C0C0-C0C0-C0C0C0C0C0C0}.Debug|Any CPU.Build.0 = Debug|Any CPU
		{C0C0C0C0-C0C0-C0C0-C0C0-C0C0C0C0C0C0}.Debug|x64.ActiveCfg = Debug|Any CPU
		{C0C0C0C0-C0C0-C0C0-C0C0-C0C0C0C0C0C0}.Debug|x64.Build.0 = Debug|Any CPU
		{C0C0C0C0-C0C0-C0C0-C0C0-C0C0C0C0C0C0}.Debug|x86.ActiveCfg = Debug|Any CPU
		{C0C0C0C0-C0C0-C0C0-C0C0-C0C0C0C0C0C0}.Debug|x86.Build.0 = Debug|Any CPU
		{C0C0C0C0-C0C0-C0C0-C0C0-C0C0C0C0C0C0}.Release|Any CPU.ActiveCfg = Release|Any CPU
		{C0C0C0C0-C0C0-C0C0-C0C0-C0C0C0C0C0C0}.Release|Any CPU.Build.0 = Release|Any CPU
		{C0C0C0C0-C0C0-C0C0-C0C0-C0C0C0C0C0C0}.Release|x64.ActiveCfg = Release|Any CPU
		{C0C0C0C0-C0C0-C0C0-C0C0-C0C0C0C0C0C0}.Release|x64.Build.0 = Release|Any CPU
		{C0C0C0C0-C0C0-C0C0-C0C0-C0C0C0C0C0C0}.Release|x86.ActiveCfg = Release|Any CPU
		{C0C0C0C0-C0C0-C0C0-C0C0-C0C0C0C0C0C0}.Release|x86.Build.0 = Release|Any CPU
		{7D674675-9EBB-49EF-90F7-11EE737E6B10}.Debug|Any CPU.ActiveCfg = Debug|Any CPU
		{7D674675-9EBB-49EF-90F7-11EE737E6B10}.Debug|Any CPU.Build.0 = Debug|Any CPU
		{7D674675-9EBB-49EF-90F7-11EE737E6B10}.Debug|x64.ActiveCfg = Debug|Any CPU
		{7D674675-9EBB-49EF-90F7-11EE737E6B10}.Debug|x64.Build.0 = Debug|Any CPU
		{7D674675-9EBB-49EF-90F7-11EE737E6B10}.Debug|x86.ActiveCfg = Debug|Any CPU
		{7D674675-9EBB-49EF-90F7-11EE737E6B10}.Debug|x86.Build.0 = Debug|Any CPU
		{7D674675-9EBB-49EF-90F7-11EE737E6B10}.Release|Any CPU.ActiveCfg = Release|Any CPU
		{7D674675-9EBB-49EF-90F7-11EE737E6B10}.Release|Any CPU.Build.0 = Release|Any CPU
		{7D674675-9EBB-49EF-90F7-11EE737E6B10}.Release|x64.ActiveCfg = Release|Any CPU
		{7D674675-9EBB-49EF-90F7-11EE737E6B10}.Release|x64.Build.0 = Release|Any CPU
		{7D674675-9EBB-49EF-90F7-11EE737E6B10}.Release|x86.ActiveCfg = Release|Any CPU
		{7D674675-9EBB-49EF-90F7-11EE737E6B10}.Release|x86.Build.0 = Release|Any CPU
		{BC5EBB39-E529-4996-822A-3F3977F876DE}.Debug|Any CPU.ActiveCfg = Debug|Any CPU
		{BC5EBB39-E529-4996-822A-3F3977F876DE}.Debug|Any CPU.Build.0 = Debug|Any CPU
		{BC5EBB39-E529-4996-822A-3F3977F876DE}.Debug|x64.ActiveCfg = Debug|Any CPU
		{BC5EBB39-E529-4996-822A-3F3977F876DE}.Debug|x64.Build.0 = Debug|Any CPU
		{BC5EBB39-E529-4996-822A-3F3977F876DE}.Debug|x86.ActiveCfg = Debug|Any CPU
		{BC5EBB39-E529-4996-822A-3F3977F876DE}.Debug|x86.Build.0 = Debug|Any CPU
		{BC5EBB39-E529-4996-822A-3F3977F876DE}.Release|Any CPU.ActiveCfg = Release|Any CPU
		{BC5EBB39-E529-4996-822A-3F3977F876DE}.Release|Any CPU.Build.0 = Release|Any CPU
		{BC5EBB39-E529-4996-822A-3F3977F876DE}.Release|x64.ActiveCfg = Release|Any CPU
		{BC5EBB39-E529-4996-822A-3F3977F876DE}.Release|x64.Build.0 = Release|Any CPU
		{BC5EBB39-E529-4996-822A-3F3977F876DE}.Release|x86.ActiveCfg = Release|Any CPU
		{BC5EBB39-E529-4996-822A-3F3977F876DE}.Release|x86.Build.0 = Release|Any CPU
		{FD655C54-1EB5-16E0-20E9-80B669202827}.Debug|Any CPU.ActiveCfg = Debug|Any CPU
		{FD655C54-1EB5-16E0-20E9-80B669202827}.Debug|Any CPU.Build.0 = Debug|Any CPU
		{FD655C54-1EB5-16E0-20E9-80B669202827}.Debug|x64.ActiveCfg = Debug|Any CPU
		{FD655C54-1EB5-16E0-20E9-80B669202827}.Debug|x64.Build.0 = Debug|Any CPU
		{FD655C54-1EB5-16E0-20E9-80B669202827}.Debug|x86.ActiveCfg = Debug|Any CPU
		{FD655C54-1EB5-16E0-20E9-80B669202827}.Debug|x86.Build.0 = Debug|Any CPU
		{FD655C54-1EB5-16E0-20E9-80B669202827}.Release|Any CPU.ActiveCfg = Release|Any CPU
		{FD655C54-1EB5-16E0-20E9-80B669202827}.Release|Any CPU.Build.0 = Release|Any CPU
		{FD655C54-1EB5-16E0-20E9-80B669202827}.Release|x64.ActiveCfg = Release|Any CPU
		{FD655C54-1EB5-16E0-20E9-80B669202827}.Release|x64.Build.0 = Release|Any CPU
		{FD655C54-1EB5-16E0-20E9-80B669202827}.Release|x86.ActiveCfg = Release|Any CPU
		{FD655C54-1EB5-16E0-20E9-80B669202827}.Release|x86.Build.0 = Release|Any CPU
		{58E13F70-A069-F8F9-B45A-20D280E647F5}.Debug|Any CPU.ActiveCfg = Debug|Any CPU
		{58E13F70-A069-F8F9-B45A-20D280E647F5}.Debug|Any CPU.Build.0 = Debug|Any CPU
		{58E13F70-A069-F8F9-B45A-20D280E647F5}.Debug|x64.ActiveCfg = Debug|Any CPU
		{58E13F70-A069-F8F9-B45A-20D280E647F5}.Debug|x64.Build.0 = Debug|Any CPU
		{58E13F70-A069-F8F9-B45A-20D280E647F5}.Debug|x86.ActiveCfg = Debug|Any CPU
		{58E13F70-A069-F8F9-B45A-20D280E647F5}.Debug|x86.Build.0 = Debug|Any CPU
		{58E13F70-A069-F8F9-B45A-20D280E647F5}.Release|Any CPU.ActiveCfg = Release|Any CPU
		{58E13F70-A069-F8F9-B45A-20D280E647F5}.Release|Any CPU.Build.0 = Release|Any CPU
		{58E13F70-A069-F8F9-B45A-20D280E647F5}.Release|x64.ActiveCfg = Release|Any CPU
		{58E13F70-A069-F8F9-B45A-20D280E647F5}.Release|x64.Build.0 = Release|Any CPU
		{58E13F70-A069-F8F9-B45A-20D280E647F5}.Release|x86.ActiveCfg = Release|Any CPU
		{58E13F70-A069-F8F9-B45A-20D280E647F5}.Release|x86.Build.0 = Release|Any CPU
		{7CC1D200-5497-CF2D-9C96-4A71B4CDE22D}.Debug|Any CPU.ActiveCfg = Debug|Any CPU
		{7CC1D200-5497-CF2D-9C96-4A71B4CDE22D}.Debug|Any CPU.Build.0 = Debug|Any CPU
		{7CC1D200-5497-CF2D-9C96-4A71B4CDE22D}.Debug|x64.ActiveCfg = Debug|Any CPU
		{7CC1D200-5497-CF2D-9C96-4A71B4CDE22D}.Debug|x64.Build.0 = Debug|Any CPU
		{7CC1D200-5497-CF2D-9C96-4A71B4CDE22D}.Debug|x86.ActiveCfg = Debug|Any CPU
		{7CC1D200-5497-CF2D-9C96-4A71B4CDE22D}.Debug|x86.Build.0 = Debug|Any CPU
		{7CC1D200-5497-CF2D-9C96-4A71B4CDE22D}.Release|Any CPU.ActiveCfg = Release|Any CPU
		{7CC1D200-5497-CF2D-9C96-4A71B4CDE22D}.Release|Any CPU.Build.0 = Release|Any CPU
		{7CC1D200-5497-CF2D-9C96-4A71B4CDE22D}.Release|x64.ActiveCfg = Release|Any CPU
		{7CC1D200-5497-CF2D-9C96-4A71B4CDE22D}.Release|x64.Build.0 = Release|Any CPU
		{7CC1D200-5497-CF2D-9C96-4A71B4CDE22D}.Release|x86.ActiveCfg = Release|Any CPU
		{7CC1D200-5497-CF2D-9C96-4A71B4CDE22D}.Release|x86.Build.0 = Release|Any CPU
		{97D37C3E-D8BA-476A-83FC-3A6C17A4C144}.Debug|Any CPU.ActiveCfg = Debug|Any CPU
		{97D37C3E-D8BA-476A-83FC-3A6C17A4C144}.Debug|Any CPU.Build.0 = Debug|Any CPU
		{97D37C3E-D8BA-476A-83FC-3A6C17A4C144}.Debug|x64.ActiveCfg = Debug|Any CPU
		{97D37C3E-D8BA-476A-83FC-3A6C17A4C144}.Debug|x64.Build.0 = Debug|Any CPU
		{97D37C3E-D8BA-476A-83FC-3A6C17A4C144}.Debug|x86.ActiveCfg = Debug|Any CPU
		{97D37C3E-D8BA-476A-83FC-3A6C17A4C144}.Debug|x86.Build.0 = Debug|Any CPU
		{97D37C3E-D8BA-476A-83FC-3A6C17A4C144}.Release|Any CPU.ActiveCfg = Release|Any CPU
		{97D37C3E-D8BA-476A-83FC-3A6C17A4C144}.Release|Any CPU.Build.0 = Release|Any CPU
		{97D37C3E-D8BA-476A-83FC-3A6C17A4C144}.Release|x64.ActiveCfg = Release|Any CPU
		{97D37C3E-D8BA-476A-83FC-3A6C17A4C144}.Release|x64.Build.0 = Release|Any CPU
		{97D37C3E-D8BA-476A-83FC-3A6C17A4C144}.Release|x86.ActiveCfg = Release|Any CPU
		{97D37C3E-D8BA-476A-83FC-3A6C17A4C144}.Release|x86.Build.0 = Release|Any CPU
	EndGlobalSection
	GlobalSection(SolutionProperties) = preSolution
		HideSolutionNode = FALSE
	EndGlobalSection
	GlobalSection(NestedProjects) = preSolution
		{5A139E60-1D75-79C6-3CB4-1C431CA78323} = {827E0CD3-B72D-47B6-A68D-7590B98EB39B}
		{A46054AE-808D-35A6-D246-AA4B90D3C48B} = {5A139E60-1D75-79C6-3CB4-1C431CA78323}
		{15393DA4-3B11-5009-2EEA-000F7DA08A0F} = {5A139E60-1D75-79C6-3CB4-1C431CA78323}
		{E4D3672C-6EBE-9A4C-C1B7-CD8AF25F2DCC} = {5A139E60-1D75-79C6-3CB4-1C431CA78323}
		{8355958B-0DD3-BB0A-1D2E-0DC55A48793D} = {5A139E60-1D75-79C6-3CB4-1C431CA78323}
		{08468400-116A-43DE-26DB-A4FC6CF08A8D} = {5A139E60-1D75-79C6-3CB4-1C431CA78323}
		{0DA73FF3-5AA6-8FA9-10C0-2721DCC63316} = {5A139E60-1D75-79C6-3CB4-1C431CA78323}
		{4E76A977-9918-C3D0-FA8E-B5DB0A881AE7} = {5A139E60-1D75-79C6-3CB4-1C431CA78323}
		{EE10AE06-E8AF-0336-1966-F0BE058425E7} = {5A139E60-1D75-79C6-3CB4-1C431CA78323}
		{C0C0C0C0-C0C0-C0C0-C0C0-C0C0C0C0C0C0} = {5A139E60-1D75-79C6-3CB4-1C431CA78323}
		{7D674675-9EBB-49EF-90F7-11EE737E6B10} = {827E0CD3-B72D-47B6-A68D-7590B98EB39B}
		{BC5EBB39-E529-4996-822A-3F3977F876DE} = {827E0CD3-B72D-47B6-A68D-7590B98EB39B}
		{F5A5D1B8-7C3E-4A2B-8E9F-1A3D5C7E9B2F} = {A7BB7FE2-9F3D-7392-C3EF-1BD1699DC250}
		{FD655C54-1EB5-16E0-20E9-80B669202827} = {A7BB7FE2-9F3D-7392-C3EF-1BD1699DC250}
		{58E13F70-A069-F8F9-B45A-20D280E647F5} = {A7BB7FE2-9F3D-7392-C3EF-1BD1699DC250}
		{7CC1D200-5497-CF2D-9C96-4A71B4CDE22D} = {A7BB7FE2-9F3D-7392-C3EF-1BD1699DC250}
		{A7BB7FE2-9F3D-7392-C3EF-1BD1699DC250} = {827E0CD3-B72D-47B6-A68D-7590B98EB39B}
		{97D37C3E-D8BA-476A-83FC-3A6C17A4C144} = {827E0CD3-B72D-47B6-A68D-7590B98EB39B}
	EndGlobalSection
	GlobalSection(ExtensibilityGlobals) = postSolution
		SolutionGuid = {9EAF6F86-2034-4C03-8D1B-B5CBFC98B2B8}
	EndGlobalSection
EndGlobal
